{
  "requires": true,
  "lockfileVersion": 1,
  "dependencies": {
    "@angular/animations": {
      "version": "8.2.14",
      "resolved": "https://registry.npmjs.org/@angular/animations/-/animations-8.2.14.tgz",
      "integrity": "sha512-3Vc9TnNpKdtvKIXcWDFINSsnwgEMiDmLzjceWg1iYKwpeZGQahUXPoesLwQazBMmxJzQiA4HOMj0TTXKZ+Jzkg==",
      "requires": {
        "tslib": "^1.9.0"
      }
    },
    "@angular/common": {
      "version": "8.2.14",
      "resolved": "https://registry.npmjs.org/@angular/common/-/common-8.2.14.tgz",
      "integrity": "sha512-Qmt+aX2quUW54kaNT7QH7WGXnFxr/cC2C6sf5SW5SdkZfDQSiz8IaItvieZfXVQUbBOQKFRJ7TlSkt0jI/yjvw==",
      "requires": {
        "tslib": "^1.9.0"
      }
    },
    "@angular/compiler": {
      "version": "8.2.14",
      "resolved": "https://registry.npmjs.org/@angular/compiler/-/compiler-8.2.14.tgz",
      "integrity": "sha512-ABZO4E7eeFA1QyJ2trDezxeQM5ZFa1dXw1Mpl/+1vuXDKNjJgNyWYwKp/NwRkLmrsuV0yv4UDCDe4kJOGbPKnw==",
      "requires": {
        "tslib": "^1.9.0"
      }
    },
    "@angular/core": {
      "version": "8.2.14",
      "resolved": "https://registry.npmjs.org/@angular/core/-/core-8.2.14.tgz",
      "integrity": "sha512-zeePkigi+hPh3rN7yoNENG/YUBUsIvUXdxx+AZq+QPaFeKEA2FBSrKn36ojHFrdJUjKzl0lPMEiGC2b6a6bo6g==",
      "requires": {
        "tslib": "^1.9.0"
      }
    },
    "@angular/forms": {
      "version": "8.2.14",
      "resolved": "https://registry.npmjs.org/@angular/forms/-/forms-8.2.14.tgz",
      "integrity": "sha512-zhyKL3CFIqcyHJ/TQF/h1OZztK611a6rxuPHCrt/5Sn1SuBTJJQ1pPTkOYIDy6IrCrtyANc8qB6P17Mao71DNQ==",
      "requires": {
        "tslib": "^1.9.0"
      }
    },
    "@angular/platform-browser": {
      "version": "8.2.14",
      "resolved": "https://registry.npmjs.org/@angular/platform-browser/-/platform-browser-8.2.14.tgz",
      "integrity": "sha512-MtJptptyKzsE37JZ2VB/tI4cvMrdAH+cT9pMBYZd66YSZfKjIj5s+AZo7z8ncoskQSB1o3HMfDjSK7QXGx1mLQ==",
      "requires": {
        "tslib": "^1.9.0"
      }
    },
    "@angular/platform-browser-dynamic": {
      "version": "8.2.14",
      "resolved": "https://registry.npmjs.org/@angular/platform-browser-dynamic/-/platform-browser-dynamic-8.2.14.tgz",
      "integrity": "sha512-mO2JPR5kLU/A3AQngy9+R/Q5gaF9csMStBQjwsCRI0wNtlItOIGL6+wTYpiTuh/ux+WVN1F2sLcEYU4Zf1ud9A==",
      "requires": {
        "tslib": "^1.9.0"
      }
    },
    "@angular/router": {
      "version": "8.2.14",
      "resolved": "https://registry.npmjs.org/@angular/router/-/router-8.2.14.tgz",
      "integrity": "sha512-DHA2BhODqV7F0g6ZKgFaZgbsqzHHWRcfWchCOrOVKu2rYiKUTwwHVLBgZAhrpNeinq2pWanVYSIhMr7wy+LfEA==",
      "requires": {
        "tslib": "^1.9.0"
      }
    },
    "@nativescript/angular": {
      "version": "8.21.0",
      "resolved": "https://registry.npmjs.org/@nativescript/angular/-/angular-8.21.0.tgz",
      "integrity": "sha512-yfNEMYySUbthgnu2NbrjTdYRp6QQW758SbahwmwjaF1W8TcogoySPAxaPeDU9FRLlx4/8yjt90pkJibDGbhRvA==",
      "requires": {
        "nativescript-intl": "^3.0.0",
        "reflect-metadata": "^0.1.8"
      }
    },
    "@nativescript/core": {
      "version": "6.5.15",
      "resolved": "https://registry.npmjs.org/@nativescript/core/-/core-6.5.15.tgz",
      "integrity": "sha512-BqB4fWdycm5Khh6UuDH+CMSoxLQUh0dcRfWK/Wua3EPfcpvMtB4ped4reU8olhjA7eOtIPn/+OVz5GQrn4reNw==",
      "requires": {
        "css-tree": "^1.0.0-alpha.37",
        "nativescript-hook": "0.2.5",
        "reduce-css-calc": "^2.1.6",
        "semver": "6.3.0",
        "tns-core-modules-widgets": "^6.5.10",
        "tslib": "1.10.0"
      },
      "dependencies": {
        "tslib": {
          "version": "1.10.0",
          "resolved": "https://registry.npmjs.org/tslib/-/tslib-1.10.0.tgz",
          "integrity": "sha512-qOebF53frne81cf0S9B41ByenJ3/IuH8yJKngAX35CmiZySA0khhkovshKK+jGCaMnVomla7gVlIcc3EvKPbTQ=="
        }
      }
    },
    "@nativescript/theme": {
      "version": "2.3.3",
      "resolved": "https://registry.npmjs.org/@nativescript/theme/-/theme-2.3.3.tgz",
      "integrity": "sha512-fWn9qTCWJSaN3REX23Fb4N5X2IGNh+RbvzS3b3/ib0KeXrrhovOzBBxoP9db7kgJ5/FUtyBqbvB4xzxE+1z2nQ=="
    },
    "balanced-match": {
      "version": "1.0.0",
      "resolved": "https://registry.npmjs.org/balanced-match/-/balanced-match-1.0.0.tgz",
      "integrity": "sha1-ibTRmasr7kneFk6gK4nORi1xt2c="
    },
    "brace-expansion": {
      "version": "1.1.11",
      "resolved": "https://registry.npmjs.org/brace-expansion/-/brace-expansion-1.1.11.tgz",
      "integrity": "sha512-iCuPHDFgrHX7H2vEI/5xpz07zSHB00TpugqhmYtVmMO6518mCuRMoOYFldEBl0g187ufozdaHgWKcYFb61qGiA==",
      "requires": {
        "balanced-match": "^1.0.0",
        "concat-map": "0.0.1"
      }
    },
    "concat-map": {
      "version": "0.0.1",
      "resolved": "https://registry.npmjs.org/concat-map/-/concat-map-0.0.1.tgz",
      "integrity": "sha1-2Klr13/Wjfd5OnMDajug1UBdR3s="
    },
    "css-tree": {
      "version": "1.0.0-alpha.39",
      "resolved": "https://registry.npmjs.org/css-tree/-/css-tree-1.0.0-alpha.39.tgz",
      "integrity": "sha512-7UvkEYgBAHRG9Nt980lYxjsTrCyHFN53ky3wVsDkiMdVqylqRt+Zc+jm5qw7/qyOvN2dHSYtX0e4MbCCExSvnA==",
      "requires": {
        "mdn-data": "2.0.6",
        "source-map": "^0.6.1"
      }
    },
    "css-unit-converter": {
      "version": "1.1.2",
      "resolved": "https://registry.npmjs.org/css-unit-converter/-/css-unit-converter-1.1.2.tgz",
      "integrity": "sha512-IiJwMC8rdZE0+xiEZHeru6YoONC4rfPMqGm2W85jMIbkFvv5nFTwJVFHam2eFrN6txmoUYFAFXiv8ICVeTO0MA=="
    },
    "glob": {
      "version": "6.0.4",
      "resolved": "https://registry.npmjs.org/glob/-/glob-6.0.4.tgz",
      "integrity": "sha1-DwiGD2oVUSey+t1PnOJLGqtuTSI=",
      "requires": {
        "inflight": "^1.0.4",
        "inherits": "2",
        "minimatch": "2 || 3",
        "once": "^1.3.0",
        "path-is-absolute": "^1.0.0"
      }
    },
    "inflight": {
      "version": "1.0.6",
      "resolved": "https://registry.npmjs.org/inflight/-/inflight-1.0.6.tgz",
      "integrity": "sha1-Sb1jMdfQLQwJvJEKEHW6gWW1bfk=",
      "requires": {
        "once": "^1.3.0",
        "wrappy": "1"
      }
    },
    "inherits": {
      "version": "2.0.4",
      "resolved": "https://registry.npmjs.org/inherits/-/inherits-2.0.4.tgz",
      "integrity": "sha512-k/vGaX4/Yla3WzyMCvTQOXYeIHvqOKtnqBduzTHpzpQZzAskKMhZ2K+EnBiSM9zGSoIFeMpXKxa4dYeZIQqewQ=="
    },
    "mdn-data": {
      "version": "2.0.6",
      "resolved": "https://registry.npmjs.org/mdn-data/-/mdn-data-2.0.6.tgz",
      "integrity": "sha512-rQvjv71olwNHgiTbfPZFkJtjNMciWgswYeciZhtvWLO8bmX3TnhyA62I6sTWOyZssWHJJjY6/KiWwqQsWWsqOA=="
    },
    "minimatch": {
      "version": "3.0.4",
      "resolved": "https://registry.npmjs.org/minimatch/-/minimatch-3.0.4.tgz",
      "integrity": "sha512-yJHVQEhyqPLUTgt9B83PXu6W3rx4MvvHvSUvToogpwoGDOUQ+yDrR0HRot+yOCdCO7u4hX3pWft6kWBBcqh0UA==",
      "requires": {
        "brace-expansion": "^1.1.7"
      }
    },
    "minimist": {
      "version": "1.2.5",
      "resolved": "https://registry.npmjs.org/minimist/-/minimist-1.2.5.tgz",
      "integrity": "sha512-FM9nNUYrRBAELZQT3xeZQ7fmMOBg6nWNmJKTcgsJeaLstP/UODVpGsr5OhXhhXg6f+qtJ8uiZ+PUxkDWcgIXLw=="
    },
    "mkdirp": {
      "version": "0.5.5",
      "resolved": "https://registry.npmjs.org/mkdirp/-/mkdirp-0.5.5.tgz",
      "integrity": "sha512-NKmAlESf6jMGym1++R0Ra7wvhV+wFW63FaSOFPwRahvea0gMUcGUhVeAg/0BC0wiv9ih5NYPB1Wn1UEI1/L+xQ==",
      "requires": {
        "minimist": "^1.2.5"
      }
    },
    "nativescript-angular": {
      "version": "8.21.0",
      "resolved": "https://registry.npmjs.org/nativescript-angular/-/nativescript-angular-8.21.0.tgz",
      "integrity": "sha512-5QHRIJtomXcJKksE6EKDZXLgFPvIISaIZlsDa0MKhwmlltsNI0nrfbUkIbfK6+NOoeErmMKWHwoPTJB3OiGxTg==",
      "requires": {
        "@nativescript/angular": "8.21.0"
      }
    },
    "nativescript-hook": {
      "version": "0.2.5",
      "resolved": "https://registry.npmjs.org/nativescript-hook/-/nativescript-hook-0.2.5.tgz",
      "integrity": "sha512-ciGJtNbtMB2lGv8jAkUripkRjd3g8atX9VYPSt6e8PI6YPiOKeoma3xjcXoW66pFMYpHnfrbp6Mq9U/QtiQrVg==",
      "requires": {
        "glob": "^6.0.1",
        "mkdirp": "^0.5.1"
      }
    },
    "nativescript-intl": {
      "version": "3.0.0",
      "resolved": "https://registry.npmjs.org/nativescript-intl/-/nativescript-intl-3.0.0.tgz",
      "integrity": "sha1-gu6b59N3Fys8QpVzRyMDdijhhqc="
    },
    "nativescript-ui-core": {
      "version": "4.0.0",
      "resolved": "https://registry.npmjs.org/nativescript-ui-core/-/nativescript-ui-core-4.0.0.tgz",
      "integrity": "sha512-YbGZApyI84RGSevCmXVD18yGov7/RJyLcIXXx6p2y4WM41hL+uRxyUak/9qLP2vwSSy0bCZKXFoyYwsIcf8EoA=="
    },
    "nativescript-ui-sidedrawer": {
      "version": "8.0.1",
      "resolved": "https://registry.npmjs.org/nativescript-ui-sidedrawer/-/nativescript-ui-sidedrawer-8.0.1.tgz",
      "integrity": "sha512-QeciSlKMWW9snX0f/Nve3RakaPTiDNKJWZwiloiyNI7rgG4nUZfsNHGkPqytENXDqLUxKaihziruUGOtguSpMg==",
      "requires": {
        "nativescript-ui-core": "~4.0.0"
      }
    },
    "once": {
      "version": "1.4.0",
      "resolved": "https://registry.npmjs.org/once/-/once-1.4.0.tgz",
      "integrity": "sha1-WDsap3WWHUsROsF9nFC6753Xa9E=",
      "requires": {
        "wrappy": "1"
      }
    },
    "path-is-absolute": {
      "version": "1.0.1",
      "resolved": "https://registry.npmjs.org/path-is-absolute/-/path-is-absolute-1.0.1.tgz",
      "integrity": "sha1-F0uSaHNVNP+8es5r9TpanhtcX18="
    },
    "postcss-value-parser": {
      "version": "3.3.1",
      "resolved": "https://registry.npmjs.org/postcss-value-parser/-/postcss-value-parser-3.3.1.tgz",
      "integrity": "sha512-pISE66AbVkp4fDQ7VHBwRNXzAAKJjw4Vw7nWI/+Q3vuly7SNfgYXvm6i5IgFylHGK5sP/xHAbB7N49OS4gWNyQ=="
    },
    "reduce-css-calc": {
      "version": "2.1.7",
      "resolved": "https://registry.npmjs.org/reduce-css-calc/-/reduce-css-calc-2.1.7.tgz",
      "integrity": "sha512-fDnlZ+AybAS3C7Q9xDq5y8A2z+lT63zLbynew/lur/IR24OQF5x98tfNwf79mzEdfywZ0a2wpM860FhFfMxZlA==",
      "requires": {
        "css-unit-converter": "^1.1.1",
        "postcss-value-parser": "^3.3.0"
      }
    },
    "reflect-metadata": {
      "version": "0.1.13",
      "resolved": "https://registry.npmjs.org/reflect-metadata/-/reflect-metadata-0.1.13.tgz",
      "integrity": "sha512-Ts1Y/anZELhSsjMcU605fU9RE4Oi3p5ORujwbIKXfWa+0Zxs510Qrmrce5/Jowq3cHSZSJqBjypxmHarc+vEWg=="
    },
    "rxjs": {
      "version": "6.6.2",
      "resolved": "https://registry.npmjs.org/rxjs/-/rxjs-6.6.2.tgz",
      "integrity": "sha512-BHdBMVoWC2sL26w//BCu3YzKT4s2jip/WhwsGEDmeKYBhKDZeYezVUnHatYB7L85v5xs0BAQmg6BEYJEKxBabg==",
      "requires": {
        "tslib": "^1.9.0"
      }
    },
    "semver": {
      "version": "6.3.0",
      "resolved": "https://registry.npmjs.org/semver/-/semver-6.3.0.tgz",
      "integrity": "sha512-b39TBaTSfV6yBrapU89p5fKekE2m/NwnDocOVruQFS1/veMgdzuPcnOM34M6CwxW8jH/lxEa5rBoDeUwu5HHTw=="
    },
    "source-map": {
      "version": "0.6.1",
      "resolved": "https://registry.npmjs.org/source-map/-/source-map-0.6.1.tgz",
      "integrity": "sha512-UjgapumWlbMhkBgzT7Ykc5YXUT46F0iKu8SGXq0bcwP5dz/h0Plj6enJqjz1Zbq2l5WaqYnrVbwWOWMyF3F47g=="
    },
    "tns-core-modules": {
      "version": "6.5.15",
      "resolved": "https://registry.npmjs.org/tns-core-modules/-/tns-core-modules-6.5.15.tgz",
      "integrity": "sha512-2aLjcVCE0MA5dJhOJhigHrSRG4JNobDqPfikxrpkDyPwrnLOzVJDybi5gk1PD+CdtRwVRY9ZRzEE8cH10e4+QQ==",
      "requires": {
        "@nativescript/core": "*"
      }
    },
    "tns-core-modules-widgets": {
      "version": "6.5.10",
      "resolved": "https://registry.npmjs.org/tns-core-modules-widgets/-/tns-core-modules-widgets-6.5.10.tgz",
      "integrity": "sha512-esZPbnm0wIn89AoFxdfhFuG0a/JE9A9k3ovBRpzs9O9d/JrChlgkTX4lSRQz6xBHLC1UVaqiTc/DNBGbdaeCyA=="
    },
    "tns-template-drawer-navigation-ng": {
      "version": "6.5.4",
      "resolved": "https://registry.npmjs.org/tns-template-drawer-navigation-ng/-/tns-template-drawer-navigation-ng-6.5.4.tgz",
      "integrity": "sha512-uBzcJr1Ocl/5+nI7i+ELmV+YLM6dR/Du3vgs8spyeHgcFdb7PosXC/nanPlq5Voyfo+mch5AiqMT586sZuDTYw==",
      "requires": {
        "@angular/animations": "~8.2.0",
        "@angular/common": "~8.2.0",
        "@angular/compiler": "~8.2.0",
        "@angular/core": "~8.2.0",
        "@angular/forms": "~8.2.0",
        "@angular/platform-browser": "~8.2.0",
        "@angular/platform-browser-dynamic": "~8.2.0",
        "@angular/router": "~8.2.0",
        "@nativescript/theme": "~2.3.0",
        "nativescript-angular": "~8.21.0",
        "nativescript-ui-sidedrawer": "~8.0.0",
        "reflect-metadata": "~0.1.12",
        "rxjs": "^6.4.0",
        "tns-core-modules": "~6.5.0",
        "zone.js": "~0.9.1"
      }
    },
    "tslib": {
      "version": "1.13.0",
      "resolved": "https://registry.npmjs.org/tslib/-/tslib-1.13.0.tgz",
      "integrity": "sha512-i/6DQjL8Xf3be4K/E6Wgpekn5Qasl1usyw++dAA35Ue5orEn65VIxOA+YvNNl9HV3qv70T7CNwjODHZrLwvd1Q=="
    },
    "wrappy": {
      "version": "1.0.2",
      "resolved": "https://registry.npmjs.org/wrappy/-/wrappy-1.0.2.tgz",
      "integrity": "sha1-tSQ9jz7BqjXxNkYFvA0QNuMKtp8="
    },
    "zone.js": {
      "version": "0.9.1",
      "resolved": "https://registry.npmjs.org/zone.js/-/zone.js-0.9.1.tgz",
      "integrity": "sha512-GkPiJL8jifSrKReKaTZ5jkhrMEgXbXYC+IPo1iquBjayRa0q86w3Dipjn8b415jpitMExe9lV8iTsv8tk3DGag=="
    }
  }
}
